
Microsoft Visual Studio Solution File, Format Version 12.00
# Visual Studio Version 17
VisualStudioVersion = 17.9.34728.123
MinimumVisualStudioVersion = 10.0.40219.1
Project("{FAE04EC0-301F-11D3-BF4B-00C04F79EFBC}") = "OficioPersuasivoPenalizable", "OficioPersuasivoPenalizable.csproj", "{C58B1438-BDE4-4909-B16E-31BA5D7A81CD}"
EndProject
Global
	GlobalSection(SolutionConfigurationPlatforms) = preSolution
		Debug|Any CPU = Debug|Any CPU
		Release|Any CPU = Release|Any CPU
	EndGlobalSection
	GlobalSection(ProjectConfigurationPlatforms) = postSolution
		{C58B1438-BDE4-4909-B16E-31BA5D7A81CD}.Debug|Any CPU.ActiveCfg = Debug|Any CPU
		{C58B1438-BDE4-4909-B16E-31BA5D7A81CD}.Debug|Any CPU.Build.0 = Debug|Any CPU
		{C58B1438-BDE4-4909-B16E-31BA5D7A81CD}.Release|Any CPU.ActiveCfg = Release|Any CPU
		{C58B1438-BDE4-4909-B16E-31BA5D7A81CD}.Release|Any CPU.Build.0 = Release|Any CPU
	EndGlobalSection
	GlobalSection(SolutionProperties) = preSolution
		HideSolutionNode = FALSE
	EndGlobalSection
	GlobalSection(ExtensibilityGlobals) = postSolution
		SolutionGuid = {C6B5D8D5-4E22-44E7-AA82-113AF00F78DD}
	EndGlobalSection
EndGlobal
